
Microsoft Visual Studio Solution File, Format Version 12.00
# Visual Studio Version 16
VisualStudioVersion = 16.0.31321.278
MinimumVisualStudioVersion = 10.0.40219.1
Project("{FAE04EC0-301F-11D3-BF4B-00C04F79EFBC}") = "UnivesrityApp", "UnivesrityApp\UnivesrityApp.csproj", "{234945CF-4428-4C20-9505-AAD9254EA7E8}"
EndProject
Project("{FAE04EC0-301F-11D3-BF4B-00C04F79EFBC}") = "UniversityApp.Model", "UniversityApp.Model\UniversityApp.Model.csproj", "{854B1DAB-5073-4726-B37F-7D9122D47FD9}"
EndProject
Project("{FAE04EC0-301F-11D3-BF4B-00C04F79EFBC}") = "UniversityApp.EF", "UniversityApp.EF\UniversityApp.EF.csproj", "{59339444-B113-4520-A25B-2522E29E5F1C}"
EndProject
Global
	GlobalSection(SolutionConfigurationPlatforms) = preSolution
		Debug|Any CPU = Debug|Any CPU
		Release|Any CPU = Release|Any CPU
	EndGlobalSection
	GlobalSection(ProjectConfigurationPlatforms) = postSolution
		{234945CF-4428-4C20-9505-AAD9254EA7E8}.Debug|Any CPU.ActiveCfg = Debug|Any CPU
		{234945CF-4428-4C20-9505-AAD9254EA7E8}.Debug|Any CPU.Build.0 = Debug|Any CPU
		{234945CF-4428-4C20-9505-AAD9254EA7E8}.Release|Any CPU.ActiveCfg = Release|Any CPU
		{234945CF-4428-4C20-9505-AAD9254EA7E8}.Release|Any CPU.Build.0 = Release|Any CPU
		{854B1DAB-5073-4726-B37F-7D9122D47FD9}.Debug|Any CPU.ActiveCfg = Debug|Any CPU
		{854B1DAB-5073-4726-B37F-7D9122D47FD9}.Debug|Any CPU.Build.0 = Debug|Any CPU
		{854B1DAB-5073-4726-B37F-7D9122D47FD9}.Release|Any CPU.ActiveCfg = Release|Any CPU
		{854B1DAB-5073-4726-B37F-7D9122D47FD9}.Release|Any CPU.Build.0 = Release|Any CPU
		{59339444-B113-4520-A25B-2522E29E5F1C}.Debug|Any CPU.ActiveCfg = Debug|Any CPU
		{59339444-B113-4520-A25B-2522E29E5F1C}.Debug|Any CPU.Build.0 = Debug|Any CPU
		{59339444-B113-4520-A25B-2522E29E5F1C}.Release|Any CPU.ActiveCfg = Release|Any CPU
		{59339444-B113-4520-A25B-2522E29E5F1C}.Release|Any CPU.Build.0 = Release|Any CPU
	EndGlobalSection
	GlobalSection(SolutionProperties) = preSolution
		HideSolutionNode = FALSE
	EndGlobalSection
	GlobalSection(ExtensibilityGlobals) = postSolution
		SolutionGuid = {05C360DC-262E-41F1-8F98-7BAD99429B19}
	EndGlobalSection
EndGlobal
