
Microsoft Visual Studio Solution File, Format Version 12.00
# Visual Studio Version 16
VisualStudioVersion = 16.0.31424.327
MinimumVisualStudioVersion = 10.0.40219.1
Project("{9A19103F-16F7-4668-BE54-9A1E7A4F7556}") = "FibonacciClassLibrary", "FibonacciCalculator\FibonacciClassLibrary.csproj", "{45AE2568-1D97-4450-B621-E90AA81FC33A}"
EndProject
Project("{9A19103F-16F7-4668-BE54-9A1E7A4F7556}") = "MyClassLibrary.Tests", "MyClassLibrary.Tests\MyClassLibrary.Tests.csproj", "{9C738285-7B91-49DD-B3E9-EAD373C76736}"
EndProject
Global
	GlobalSection(SolutionConfigurationPlatforms) = preSolution
		Debug|Any CPU = Debug|Any CPU
		Release|Any CPU = Release|Any CPU
	EndGlobalSection
	GlobalSection(ProjectConfigurationPlatforms) = postSolution
		{45AE2568-1D97-4450-B621-E90AA81FC33A}.Debug|Any CPU.ActiveCfg = Debug|Any CPU
		{45AE2568-1D97-4450-B621-E90AA81FC33A}.Debug|Any CPU.Build.0 = Debug|Any CPU
		{45AE2568-1D97-4450-B621-E90AA81FC33A}.Release|Any CPU.ActiveCfg = Release|Any CPU
		{45AE2568-1D97-4450-B621-E90AA81FC33A}.Release|Any CPU.Build.0 = Release|Any CPU
		{9C738285-7B91-49DD-B3E9-EAD373C76736}.Debug|Any CPU.ActiveCfg = Debug|Any CPU
		{9C738285-7B91-49DD-B3E9-EAD373C76736}.Debug|Any CPU.Build.0 = Debug|Any CPU
		{9C738285-7B91-49DD-B3E9-EAD373C76736}.Release|Any CPU.ActiveCfg = Release|Any CPU
		{9C738285-7B91-49DD-B3E9-EAD373C76736}.Release|Any CPU.Build.0 = Release|Any CPU
	EndGlobalSection
	GlobalSection(SolutionProperties) = preSolution
		HideSolutionNode = FALSE
	EndGlobalSection
	GlobalSection(ExtensibilityGlobals) = postSolution
		SolutionGuid = {0A66F24B-BD87-4E82-B80C-F95B73DD2654}
	EndGlobalSection
EndGlobal
